
Microsoft Visual Studio Solution File, Format Version 11.00
# Visual Studio 2010
Project("{FAE04EC0-301F-11D3-BF4B-00C04F79EFBC}") = "GetPredicates_Ported", "GetPredicates_Ported\GetPredicates_Ported.csproj", "{7D3FD8D6-62F8-46B5-AE5E-61ADB31DF136}"
EndProject
Global
	GlobalSection(SolutionConfigurationPlatforms) = preSolution
		Debug|x86 = Debug|x86
		Release|x86 = Release|x86
	EndGlobalSection
	GlobalSection(ProjectConfigurationPlatforms) = postSolution
		{7D3FD8D6-62F8-46B5-AE5E-61ADB31DF136}.Debug|x86.ActiveCfg = Debug|x86
		{7D3FD8D6-62F8-46B5-AE5E-61ADB31DF136}.Debug|x86.Build.0 = Debug|x86
		{7D3FD8D6-62F8-46B5-AE5E-61ADB31DF136}.Release|x86.ActiveCfg = Release|x86
		{7D3FD8D6-62F8-46B5-AE5E-61ADB31DF136}.Release|x86.Build.0 = Release|x86
	EndGlobalSection
	GlobalSection(SolutionProperties) = preSolution
		HideSolutionNode = FALSE
	EndGlobalSection
EndGlobal
