
Microsoft Visual Studio Solution File, Format Version 11.00
# Visual Studio 2010
Project("{FAE04EC0-301F-11D3-BF4B-00C04F79EFBC}") = "WebApplication3", "WebApplication3\WebApplication3.csproj", "{A5E15941-FC2B-4747-9616-3CE1E5110B34}"
EndProject
Global
	GlobalSection(SolutionConfigurationPlatforms) = preSolution
		Debug|Any CPU = Debug|Any CPU
		Release|Any CPU = Release|Any CPU
	EndGlobalSection
	GlobalSection(ProjectConfigurationPlatforms) = postSolution
		{A5E15941-FC2B-4747-9616-3CE1E5110B34}.Debug|Any CPU.ActiveCfg = Debug|Any CPU
		{A5E15941-FC2B-4747-9616-3CE1E5110B34}.Debug|Any CPU.Build.0 = Debug|Any CPU
		{A5E15941-FC2B-4747-9616-3CE1E5110B34}.Release|Any CPU.ActiveCfg = Release|Any CPU
		{A5E15941-FC2B-4747-9616-3CE1E5110B34}.Release|Any CPU.Build.0 = Release|Any CPU
	EndGlobalSection
	GlobalSection(SolutionProperties) = preSolution
		HideSolutionNode = FALSE
	EndGlobalSection
EndGlobal
